
Microsoft Visual Studio Solution File, Format Version 12.00
# Visual Studio Version 17
VisualStudioVersion = 17.2.32526.322
MinimumVisualStudioVersion = 10.0.40219.1
Project("{FAE04EC0-301F-11D3-BF4B-00C04F79EFBC}") = "assignment 2(app that finds area and perimeter of circle)", "assignment 2(app that finds area and perimeter of circle)\assignment 2(app that finds area and perimeter of circle).csproj", "{8DE3BD9B-490D-4C69-B1C4-530EE92EEDAD}"
EndProject
Global
	GlobalSection(SolutionConfigurationPlatforms) = preSolution
		Debug|Any CPU = Debug|Any CPU
		Release|Any CPU = Release|Any CPU
	EndGlobalSection
	GlobalSection(ProjectConfigurationPlatforms) = postSolution
		{8DE3BD9B-490D-4C69-B1C4-530EE92EEDAD}.Debug|Any CPU.ActiveCfg = Debug|Any CPU
		{8DE3BD9B-490D-4C69-B1C4-530EE92EEDAD}.Debug|Any CPU.Build.0 = Debug|Any CPU
		{8DE3BD9B-490D-4C69-B1C4-530EE92EEDAD}.Release|Any CPU.ActiveCfg = Release|Any CPU
		{8DE3BD9B-490D-4C69-B1C4-530EE92EEDAD}.Release|Any CPU.Build.0 = Release|Any CPU
	EndGlobalSection
	GlobalSection(SolutionProperties) = preSolution
		HideSolutionNode = FALSE
	EndGlobalSection
	GlobalSection(ExtensibilityGlobals) = postSolution
		SolutionGuid = {65E8E4B6-636C-4469-9EAB-EB664280382E}
	EndGlobalSection
EndGlobal
